{
  "name": "bojler-vscode",
  "version": "0.0.1",
  "lockfileVersion": 2,
  "requires": true,
  "packages": {
    "": {
      "name": "bojler-vscode",
      "version": "0.0.1",
      "hasInstallScript": true,
      "license": "MIT",
      "dependencies": {
        "bojler": "^1.0.0"
      },
      "devDependencies": {},
      "engines": {
        "node": ">=16.0.0"
      }
    },
    "node_modules/bojler": {
      "version": "1.0.0",
      "resolved": "https://registry.npmjs.org/bojler/-/bojler-1.0.0.tgz",
      "integrity": "sha512-aU7uLZrd50nuXNOzf/hKjo+j1PKlIpvOY2Ih3Bg2ShplaMt59jXeT5/JCIJBwXUI8z/c2374ZJ2MB2/C0CXXRg==",
      "dependencies": {
        "mkdirp": "^1.0.4"
      },
      "bin": {
        "bojler": "bin/bojler.js"
      },
      "engines": {
        "node": ">=12.4.0"
      }
    },
    "node_modules/bojler/node_modules/mkdirp": {
      "version": "1.0.4",
      "resolved": "https://registry.npmjs.org/mkdirp/-/mkdirp-1.0.4.tgz",
      "integrity": "sha512-vVqVZQyf3WLx2Shd0qJ9xuvqgAyKPLAiqITEtqW0oIUjzo3PePDd6fW9iFz30ef7Ysp/oiWqbhszeGWW2T6Gzw==",
      "bin": {
        "mkdirp": "bin/cmd.js"
      },
      "engines": {
        "node": ">=10"
      }
    }
  },
  "dependencies": {
    "bojler": {
      "version": "1.0.0",
      "resolved": "https://registry.npmjs.org/bojler/-/bojler-1.0.0.tgz",
      "integrity": "sha512-aU7uLZrd50nuXNOzf/hKjo+j1PKlIpvOY2Ih3Bg2ShplaMt59jXeT5/JCIJBwXUI8z/c2374ZJ2MB2/C0CXXRg==",
      "requires": {
        "mkdirp": "^1.0.4"
      },
      "dependencies": {
        "mkdirp": {
          "version": "1.0.4",
          "resolved": "https://registry.npmjs.org/mkdirp/-/mkdirp-1.0.4.tgz",
          "integrity": "sha512-vVqVZQyf3WLx2Shd0qJ9xuvqgAyKPLAiqITEtqW0oIUjzo3PePDd6fW9iFz30ef7Ysp/oiWqbhszeGWW2T6Gzw=="
        }
      }
    }
  }
}
