{
  "name": "bojler-vscode",
  "version": "0.0.1",
  "lockfileVersion": 2,
  "requires": true,
  "packages": {
    "": {
      "name": "bojler-vscode",
      "version": "0.0.1",
      "license": "MIT",
      "dependencies": {
        "bojler": "^2.0.0"
      },
      "engines": {
        "node": ">=16",
        "vscode": "^1.72.2"
      }
    },
    "node_modules/bojler": {
      "version": "2.0.0",
      "resolved": "https://registry.npmjs.org/bojler/-/bojler-2.0.0.tgz",
      "integrity": "sha512-X2gZgPU5Aty0oM0wXmGFKe7u/x+Qhvb3gf9ce5YYg6p6Xn1w+I+wg4bg9rIucFf+VmZZedMoT1wSiDXD5yHiTQ==",
      "dependencies": {
        "mkdirp": "^2.1.5"
      },
      "bin": {
        "bojler": "bin/bojler.js"
      },
      "engines": {
        "node": ">=16"
      }
    },
    "node_modules/mkdirp": {
      "version": "2.1.5",
      "resolved": "https://registry.npmjs.org/mkdirp/-/mkdirp-2.1.5.tgz",
      "integrity": "sha512-jbjfql+shJtAPrFoKxHOXip4xS+kul9W3OzfzzrqueWK2QMGon2bFH2opl6W9EagBThjEz+iysyi/swOoVfB/w==",
      "bin": {
        "mkdirp": "dist/cjs/src/bin.js"
      },
      "engines": {
        "node": ">=10"
      },
      "funding": {
        "url": "https://github.com/sponsors/isaacs"
      }
    }
  },
  "dependencies": {
    "bojler": {
      "version": "2.0.0",
      "resolved": "https://registry.npmjs.org/bojler/-/bojler-2.0.0.tgz",
      "integrity": "sha512-X2gZgPU5Aty0oM0wXmGFKe7u/x+Qhvb3gf9ce5YYg6p6Xn1w+I+wg4bg9rIucFf+VmZZedMoT1wSiDXD5yHiTQ==",
      "requires": {
        "mkdirp": "^2.1.5"
      }
    },
    "mkdirp": {
      "version": "2.1.5",
      "resolved": "https://registry.npmjs.org/mkdirp/-/mkdirp-2.1.5.tgz",
      "integrity": "sha512-jbjfql+shJtAPrFoKxHOXip4xS+kul9W3OzfzzrqueWK2QMGon2bFH2opl6W9EagBThjEz+iysyi/swOoVfB/w=="
    }
  }
}
